
Microsoft Visual Studio Solution File, Format Version 12.00
# Visual Studio Version 16
VisualStudioVersion = 16.0.30225.117
MinimumVisualStudioVersion = 10.0.40219.1
Project("{FAE04EC0-301F-11D3-BF4B-00C04F79EFBC}") = "HospitalTal", "HospitalTal\HospitalTal.csproj", "{8E52AB0C-EEA0-4FC2-ADD3-F5E90A6CA489}"
EndProject
Global
	GlobalSection(SolutionConfigurationPlatforms) = preSolution
		Debug|Any CPU = Debug|Any CPU
		Release|Any CPU = Release|Any CPU
	EndGlobalSection
	GlobalSection(ProjectConfigurationPlatforms) = postSolution
		{8E52AB0C-EEA0-4FC2-ADD3-F5E90A6CA489}.Debug|Any CPU.ActiveCfg = Debug|Any CPU
		{8E52AB0C-EEA0-4FC2-ADD3-F5E90A6CA489}.Debug|Any CPU.Build.0 = Debug|Any CPU
		{8E52AB0C-EEA0-4FC2-ADD3-F5E90A6CA489}.Release|Any CPU.ActiveCfg = Release|Any CPU
		{8E52AB0C-EEA0-4FC2-ADD3-F5E90A6CA489}.Release|Any CPU.Build.0 = Release|Any CPU
	EndGlobalSection
	GlobalSection(SolutionProperties) = preSolution
		HideSolutionNode = FALSE
	EndGlobalSection
	GlobalSection(ExtensibilityGlobals) = postSolution
		SolutionGuid = {D64AECF4-1FBA-4E9C-BBB6-B02717D6A9E7}
	EndGlobalSection
EndGlobal
